
Microsoft Visual Studio Solution File, Format Version 12.00
# Visual Studio 15
VisualStudioVersion = 15.0.27004.2005
MinimumVisualStudioVersion = 10.0.40219.1
Project("{FAE04EC0-301F-11D3-BF4B-00C04F79EFBC}") = "aehyok.Spire.Pdf", "aehyok.Spire.Pdf\aehyok.Spire.Pdf.csproj", "{919C9EE9-90A4-40CC-B5B6-1721DDEC8035}"
EndProject
Project("{FAE04EC0-301F-11D3-BF4B-00C04F79EFBC}") = "aehyok.SpirePdf", "aehyok.SpirePdf\aehyok.SpirePdf.csproj", "{14685425-A49A-4C4C-B1E2-547C8D6AC186}"
EndProject
Project("{FAE04EC0-301F-11D3-BF4B-00C04F79EFBC}") = "aehyok.SpireDoc", "aehyok.SpireDoc\aehyok.SpireDoc.csproj", "{FBAD08DF-5B9E-4D65-8664-CA5BE58FFAA8}"
EndProject
Global
	GlobalSection(SolutionConfigurationPlatforms) = preSolution
		Debug|Any CPU = Debug|Any CPU
		Release|Any CPU = Release|Any CPU
	EndGlobalSection
	GlobalSection(ProjectConfigurationPlatforms) = postSolution
		{919C9EE9-90A4-40CC-B5B6-1721DDEC8035}.Debug|Any CPU.ActiveCfg = Debug|Any CPU
		{919C9EE9-90A4-40CC-B5B6-1721DDEC8035}.Debug|Any CPU.Build.0 = Debug|Any CPU
		{919C9EE9-90A4-40CC-B5B6-1721DDEC8035}.Release|Any CPU.ActiveCfg = Release|Any CPU
		{919C9EE9-90A4-40CC-B5B6-1721DDEC8035}.Release|Any CPU.Build.0 = Release|Any CPU
		{14685425-A49A-4C4C-B1E2-547C8D6AC186}.Debug|Any CPU.ActiveCfg = Debug|Any CPU
		{14685425-A49A-4C4C-B1E2-547C8D6AC186}.Debug|Any CPU.Build.0 = Debug|Any CPU
		{14685425-A49A-4C4C-B1E2-547C8D6AC186}.Release|Any CPU.ActiveCfg = Release|Any CPU
		{14685425-A49A-4C4C-B1E2-547C8D6AC186}.Release|Any CPU.Build.0 = Release|Any CPU
		{FBAD08DF-5B9E-4D65-8664-CA5BE58FFAA8}.Debug|Any CPU.ActiveCfg = Debug|Any CPU
		{FBAD08DF-5B9E-4D65-8664-CA5BE58FFAA8}.Debug|Any CPU.Build.0 = Debug|Any CPU
		{FBAD08DF-5B9E-4D65-8664-CA5BE58FFAA8}.Release|Any CPU.ActiveCfg = Release|Any CPU
		{FBAD08DF-5B9E-4D65-8664-CA5BE58FFAA8}.Release|Any CPU.Build.0 = Release|Any CPU
	EndGlobalSection
	GlobalSection(SolutionProperties) = preSolution
		HideSolutionNode = FALSE
	EndGlobalSection
	GlobalSection(ExtensibilityGlobals) = postSolution
		SolutionGuid = {9D95ECF3-BB24-4025-A9EE-A7138C139DDA}
	EndGlobalSection
EndGlobal
